
Microsoft Visual Studio Solution File, Format Version 12.00
# Visual Studio Version 16
VisualStudioVersion = 16.0.31005.135
MinimumVisualStudioVersion = 10.0.40219.1
Project("{FAE04EC0-301F-11D3-BF4B-00C04F79EFBC}") = "AlgoritmsLesson4Task1", "AlgoritmsLesson4Task1\AlgoritmsLesson4Task1.csproj", "{A2214039-63D7-4B92-89BF-1352D9CC14E6}"
EndProject
Global
	GlobalSection(SolutionConfigurationPlatforms) = preSolution
		Debug|Any CPU = Debug|Any CPU
		Release|Any CPU = Release|Any CPU
	EndGlobalSection
	GlobalSection(ProjectConfigurationPlatforms) = postSolution
		{A2214039-63D7-4B92-89BF-1352D9CC14E6}.Debug|Any CPU.ActiveCfg = Debug|Any CPU
		{A2214039-63D7-4B92-89BF-1352D9CC14E6}.Debug|Any CPU.Build.0 = Debug|Any CPU
		{A2214039-63D7-4B92-89BF-1352D9CC14E6}.Release|Any CPU.ActiveCfg = Release|Any CPU
		{A2214039-63D7-4B92-89BF-1352D9CC14E6}.Release|Any CPU.Build.0 = Release|Any CPU
	EndGlobalSection
	GlobalSection(SolutionProperties) = preSolution
		HideSolutionNode = FALSE
	EndGlobalSection
	GlobalSection(ExtensibilityGlobals) = postSolution
		SolutionGuid = {63BC6FEC-16A2-4B4A-8239-813192F72D3F}
	EndGlobalSection
EndGlobal
