
Microsoft Visual Studio Solution File, Format Version 12.00
# Visual Studio Version 16
VisualStudioVersion = 16.0.31005.135
MinimumVisualStudioVersion = 10.0.40219.1
Project("{9A19103F-16F7-4668-BE54-9A1E7A4F7556}") = "AlgoritmsLesson4Task1", "AlgoritmsLesson4Task1\AlgoritmsLesson4Task1.csproj", "{A2214039-63D7-4B92-89BF-1352D9CC14E6}"
EndProject
Project("{9A19103F-16F7-4668-BE54-9A1E7A4F7556}") = "AlgoritmsLesson4Task2", "AlgoritmsLesson4Task2\AlgoritmsLesson4Task2.csproj", "{E78204AB-98DE-4955-B47F-CD20DDE4FEE7}"
EndProject
Project("{9A19103F-16F7-4668-BE54-9A1E7A4F7556}") = "TestMyBinaryTree", "TestMyBinaryTree\TestMyBinaryTree.csproj", "{CD75424E-0FF7-49B2-89AF-367CEAE9FD78}"
EndProject
Project("{FAE04EC0-301F-11D3-BF4B-00C04F79EFBC}") = "TestForLesson5", "TestForLesson5\TestForLesson5.csproj", "{AA8103FE-47A5-419F-B1F2-764AEF3D57DB}"
EndProject
Global
	GlobalSection(SolutionConfigurationPlatforms) = preSolution
		Debug|Any CPU = Debug|Any CPU
		Release|Any CPU = Release|Any CPU
	EndGlobalSection
	GlobalSection(ProjectConfigurationPlatforms) = postSolution
		{A2214039-63D7-4B92-89BF-1352D9CC14E6}.Debug|Any CPU.ActiveCfg = Debug|Any CPU
		{A2214039-63D7-4B92-89BF-1352D9CC14E6}.Debug|Any CPU.Build.0 = Debug|Any CPU
		{A2214039-63D7-4B92-89BF-1352D9CC14E6}.Release|Any CPU.ActiveCfg = Release|Any CPU
		{A2214039-63D7-4B92-89BF-1352D9CC14E6}.Release|Any CPU.Build.0 = Release|Any CPU
		{E78204AB-98DE-4955-B47F-CD20DDE4FEE7}.Debug|Any CPU.ActiveCfg = Debug|Any CPU
		{E78204AB-98DE-4955-B47F-CD20DDE4FEE7}.Debug|Any CPU.Build.0 = Debug|Any CPU
		{E78204AB-98DE-4955-B47F-CD20DDE4FEE7}.Release|Any CPU.ActiveCfg = Release|Any CPU
		{E78204AB-98DE-4955-B47F-CD20DDE4FEE7}.Release|Any CPU.Build.0 = Release|Any CPU
		{CD75424E-0FF7-49B2-89AF-367CEAE9FD78}.Debug|Any CPU.ActiveCfg = Debug|Any CPU
		{CD75424E-0FF7-49B2-89AF-367CEAE9FD78}.Debug|Any CPU.Build.0 = Debug|Any CPU
		{CD75424E-0FF7-49B2-89AF-367CEAE9FD78}.Release|Any CPU.ActiveCfg = Release|Any CPU
		{CD75424E-0FF7-49B2-89AF-367CEAE9FD78}.Release|Any CPU.Build.0 = Release|Any CPU
		{AA8103FE-47A5-419F-B1F2-764AEF3D57DB}.Debug|Any CPU.ActiveCfg = Debug|Any CPU
		{AA8103FE-47A5-419F-B1F2-764AEF3D57DB}.Debug|Any CPU.Build.0 = Debug|Any CPU
		{AA8103FE-47A5-419F-B1F2-764AEF3D57DB}.Release|Any CPU.ActiveCfg = Release|Any CPU
		{AA8103FE-47A5-419F-B1F2-764AEF3D57DB}.Release|Any CPU.Build.0 = Release|Any CPU
	EndGlobalSection
	GlobalSection(SolutionProperties) = preSolution
		HideSolutionNode = FALSE
	EndGlobalSection
	GlobalSection(ExtensibilityGlobals) = postSolution
		SolutionGuid = {63BC6FEC-16A2-4B4A-8239-813192F72D3F}
	EndGlobalSection
EndGlobal
